
Microsoft Visual Studio Solution File, Format Version 12.00
# Visual Studio 15
Project("{FAE04EC0-301F-11D3-BF4B-00C04F79EFBC}") = "Unity.Mirror.CodeGen", "Unity.Mirror.CodeGen.csproj", "{FA43C008-FD7C-B2BA-D222-D2B2014730CD}"
EndProject
Project("{FAE04EC0-301F-11D3-BF4B-00C04F79EFBC}") = "Edgegap", "Edgegap.csproj", "{4CE7C0F9-2353-77A5-FC08-7350DDBCDEEC}"
EndProject
Project("{FAE04EC0-301F-11D3-BF4B-00C04F79EFBC}") = "Mirror.Components", "Mirror.Components.csproj", "{E05126E3-E6DB-844C-A859-43ADA456151F}"
EndProject
Project("{FAE04EC0-301F-11D3-BF4B-00C04F79EFBC}") = "Mirror.Editor", "Mirror.Editor.csproj", "{1F0CFB3B-FC3B-90D7-06F6-38371E7F5BE6}"
EndProject
Project("{FAE04EC0-301F-11D3-BF4B-00C04F79EFBC}") = "Assembly-CSharp", "Assembly-CSharp.csproj", "{A2D18111-6F82-BCEE-BDD0-25EF08E123EE}"
EndProject
Project("{FAE04EC0-301F-11D3-BF4B-00C04F79EFBC}") = "kcp2k", "kcp2k.csproj", "{1F9AFBAD-A664-9611-BB76-00810890B29C}"
EndProject
Project("{FAE04EC0-301F-11D3-BF4B-00C04F79EFBC}") = "Mirror", "Mirror.csproj", "{88B1AC5A-1DC9-C3F4-B124-BA24574F5DBD}"
EndProject
Project("{FAE04EC0-301F-11D3-BF4B-00C04F79EFBC}") = "SimpleWebTransport", "SimpleWebTransport.csproj", "{E32A2010-706A-84D0-5FDA-CFB2330737B3}"
EndProject
Project("{FAE04EC0-301F-11D3-BF4B-00C04F79EFBC}") = "Mirror.Authenticators", "Mirror.Authenticators.csproj", "{78F12553-1331-F1C5-EE25-31697916F995}"
EndProject
Project("{FAE04EC0-301F-11D3-BF4B-00C04F79EFBC}") = "Mirror.Transports", "Mirror.Transports.csproj", "{FBF32DAA-516F-F9CB-6C18-5299DDEBA015}"
EndProject
Project("{FAE04EC0-301F-11D3-BF4B-00C04F79EFBC}") = "EncryptionTransportEditor", "EncryptionTransportEditor.csproj", "{05009C17-CE92-EB66-EAD2-3C564BF87EFB}"
EndProject
Project("{FAE04EC0-301F-11D3-BF4B-00C04F79EFBC}") = "Telepathy", "Telepathy.csproj", "{7D75B756-EC2B-3C14-C9B5-C3D5A303201E}"
EndProject
Project("{FAE04EC0-301F-11D3-BF4B-00C04F79EFBC}") = "Assembly-CSharp-Editor", "Assembly-CSharp-Editor.csproj", "{F9A9ACDE-3B0C-E26B-6166-48BD4AB46C54}"
EndProject
Project("{FAE04EC0-301F-11D3-BF4B-00C04F79EFBC}") = "Mirror.CompilerSymbols", "Mirror.CompilerSymbols.csproj", "{8E0B91AC-B8DD-8946-C2A8-6F7E3823CBD2}"
EndProject
Global
	GlobalSection(SolutionConfigurationPlatforms) = preSolution
		Debug|Any CPU = Debug|Any CPU
		Release|Any CPU = Release|Any CPU
	EndGlobalSection
	GlobalSection(ProjectConfigurationPlatforms) = postSolution
		{FA43C008-FD7C-B2BA-D222-D2B2014730CD}.Debug|Any CPU.ActiveCfg = Debug|Any CPU
		{FA43C008-FD7C-B2BA-D222-D2B2014730CD}.Debug|Any CPU.Build.0 = Debug|Any CPU
		{FA43C008-FD7C-B2BA-D222-D2B2014730CD}.Release|Any CPU.ActiveCfg = Release|Any CPU
		{FA43C008-FD7C-B2BA-D222-D2B2014730CD}.Release|Any CPU.Build.0 = Release|Any CPU
		{4CE7C0F9-2353-77A5-FC08-7350DDBCDEEC}.Debug|Any CPU.ActiveCfg = Debug|Any CPU
		{4CE7C0F9-2353-77A5-FC08-7350DDBCDEEC}.Debug|Any CPU.Build.0 = Debug|Any CPU
		{4CE7C0F9-2353-77A5-FC08-7350DDBCDEEC}.Release|Any CPU.ActiveCfg = Release|Any CPU
		{4CE7C0F9-2353-77A5-FC08-7350DDBCDEEC}.Release|Any CPU.Build.0 = Release|Any CPU
		{E05126E3-E6DB-844C-A859-43ADA456151F}.Debug|Any CPU.ActiveCfg = Debug|Any CPU
		{E05126E3-E6DB-844C-A859-43ADA456151F}.Debug|Any CPU.Build.0 = Debug|Any CPU
		{E05126E3-E6DB-844C-A859-43ADA456151F}.Release|Any CPU.ActiveCfg = Release|Any CPU
		{E05126E3-E6DB-844C-A859-43ADA456151F}.Release|Any CPU.Build.0 = Release|Any CPU
		{1F0CFB3B-FC3B-90D7-06F6-38371E7F5BE6}.Debug|Any CPU.ActiveCfg = Debug|Any CPU
		{1F0CFB3B-FC3B-90D7-06F6-38371E7F5BE6}.Debug|Any CPU.Build.0 = Debug|Any CPU
		{1F0CFB3B-FC3B-90D7-06F6-38371E7F5BE6}.Release|Any CPU.ActiveCfg = Release|Any CPU
		{1F0CFB3B-FC3B-90D7-06F6-38371E7F5BE6}.Release|Any CPU.Build.0 = Release|Any CPU
		{A2D18111-6F82-BCEE-BDD0-25EF08E123EE}.Debug|Any CPU.ActiveCfg = Debug|Any CPU
		{A2D18111-6F82-BCEE-BDD0-25EF08E123EE}.Debug|Any CPU.Build.0 = Debug|Any CPU
		{A2D18111-6F82-BCEE-BDD0-25EF08E123EE}.Release|Any CPU.ActiveCfg = Release|Any CPU
		{A2D18111-6F82-BCEE-BDD0-25EF08E123EE}.Release|Any CPU.Build.0 = Release|Any CPU
		{1F9AFBAD-A664-9611-BB76-00810890B29C}.Debug|Any CPU.ActiveCfg = Debug|Any CPU
		{1F9AFBAD-A664-9611-BB76-00810890B29C}.Debug|Any CPU.Build.0 = Debug|Any CPU
		{1F9AFBAD-A664-9611-BB76-00810890B29C}.Release|Any CPU.ActiveCfg = Release|Any CPU
		{1F9AFBAD-A664-9611-BB76-00810890B29C}.Release|Any CPU.Build.0 = Release|Any CPU
		{88B1AC5A-1DC9-C3F4-B124-BA24574F5DBD}.Debug|Any CPU.ActiveCfg = Debug|Any CPU
		{88B1AC5A-1DC9-C3F4-B124-BA24574F5DBD}.Debug|Any CPU.Build.0 = Debug|Any CPU
		{88B1AC5A-1DC9-C3F4-B124-BA24574F5DBD}.Release|Any CPU.ActiveCfg = Release|Any CPU
		{88B1AC5A-1DC9-C3F4-B124-BA24574F5DBD}.Release|Any CPU.Build.0 = Release|Any CPU
		{E32A2010-706A-84D0-5FDA-CFB2330737B3}.Debug|Any CPU.ActiveCfg = Debug|Any CPU
		{E32A2010-706A-84D0-5FDA-CFB2330737B3}.Debug|Any CPU.Build.0 = Debug|Any CPU
		{E32A2010-706A-84D0-5FDA-CFB2330737B3}.Release|Any CPU.ActiveCfg = Release|Any CPU
		{E32A2010-706A-84D0-5FDA-CFB2330737B3}.Release|Any CPU.Build.0 = Release|Any CPU
		{78F12553-1331-F1C5-EE25-31697916F995}.Debug|Any CPU.ActiveCfg = Debug|Any CPU
		{78F12553-1331-F1C5-EE25-31697916F995}.Debug|Any CPU.Build.0 = Debug|Any CPU
		{78F12553-1331-F1C5-EE25-31697916F995}.Release|Any CPU.ActiveCfg = Release|Any CPU
		{78F12553-1331-F1C5-EE25-31697916F995}.Release|Any CPU.Build.0 = Release|Any CPU
		{FBF32DAA-516F-F9CB-6C18-5299DDEBA015}.Debug|Any CPU.ActiveCfg = Debug|Any CPU
		{FBF32DAA-516F-F9CB-6C18-5299DDEBA015}.Debug|Any CPU.Build.0 = Debug|Any CPU
		{FBF32DAA-516F-F9CB-6C18-5299DDEBA015}.Release|Any CPU.ActiveCfg = Release|Any CPU
		{FBF32DAA-516F-F9CB-6C18-5299DDEBA015}.Release|Any CPU.Build.0 = Release|Any CPU
		{05009C17-CE92-EB66-EAD2-3C564BF87EFB}.Debug|Any CPU.ActiveCfg = Debug|Any CPU
		{05009C17-CE92-EB66-EAD2-3C564BF87EFB}.Debug|Any CPU.Build.0 = Debug|Any CPU
		{05009C17-CE92-EB66-EAD2-3C564BF87EFB}.Release|Any CPU.ActiveCfg = Release|Any CPU
		{05009C17-CE92-EB66-EAD2-3C564BF87EFB}.Release|Any CPU.Build.0 = Release|Any CPU
		{7D75B756-EC2B-3C14-C9B5-C3D5A303201E}.Debug|Any CPU.ActiveCfg = Debug|Any CPU
		{7D75B756-EC2B-3C14-C9B5-C3D5A303201E}.Debug|Any CPU.Build.0 = Debug|Any CPU
		{7D75B756-EC2B-3C14-C9B5-C3D5A303201E}.Release|Any CPU.ActiveCfg = Release|Any CPU
		{7D75B756-EC2B-3C14-C9B5-C3D5A303201E}.Release|Any CPU.Build.0 = Release|Any CPU
		{F9A9ACDE-3B0C-E26B-6166-48BD4AB46C54}.Debug|Any CPU.ActiveCfg = Debug|Any CPU
		{F9A9ACDE-3B0C-E26B-6166-48BD4AB46C54}.Debug|Any CPU.Build.0 = Debug|Any CPU
		{F9A9ACDE-3B0C-E26B-6166-48BD4AB46C54}.Release|Any CPU.ActiveCfg = Release|Any CPU
		{F9A9ACDE-3B0C-E26B-6166-48BD4AB46C54}.Release|Any CPU.Build.0 = Release|Any CPU
		{8E0B91AC-B8DD-8946-C2A8-6F7E3823CBD2}.Debug|Any CPU.ActiveCfg = Debug|Any CPU
		{8E0B91AC-B8DD-8946-C2A8-6F7E3823CBD2}.Debug|Any CPU.Build.0 = Debug|Any CPU
		{8E0B91AC-B8DD-8946-C2A8-6F7E3823CBD2}.Release|Any CPU.ActiveCfg = Release|Any CPU
		{8E0B91AC-B8DD-8946-C2A8-6F7E3823CBD2}.Release|Any CPU.Build.0 = Release|Any CPU
	EndGlobalSection
	GlobalSection(SolutionProperties) = preSolution
		HideSolutionNode = FALSE
	EndGlobalSection
EndGlobal
