
Microsoft Visual Studio Solution File, Format Version 12.00
# Visual Studio 15
Project("{FAE04EC0-301F-11D3-BF4B-00C04F79EFBC}") = "Unity.Mirror.CodeGen", "Unity.Mirror.CodeGen.csproj", "{22DCA7C0-6B04-A4E0-5D85-B7A9687527B6}"
EndProject
Project("{FAE04EC0-301F-11D3-BF4B-00C04F79EFBC}") = "Edgegap", "Edgegap.csproj", "{A6801143-0071-36F1-88AA-45B386B9B80B}"
EndProject
Project("{FAE04EC0-301F-11D3-BF4B-00C04F79EFBC}") = "Mirror.Components", "Mirror.Components.csproj", "{0712AFA9-0A55-F5CF-12B9-F0269043818C}"
EndProject
Project("{FAE04EC0-301F-11D3-BF4B-00C04F79EFBC}") = "Mirror.Editor", "Mirror.Editor.csproj", "{7B523C1E-8183-1791-7768-C4589BCCD3E9}"
EndProject
Project("{FAE04EC0-301F-11D3-BF4B-00C04F79EFBC}") = "kcp2k", "kcp2k.csproj", "{F877D76D-1EB0-1354-A029-A467A4504134}"
EndProject
Project("{FAE04EC0-301F-11D3-BF4B-00C04F79EFBC}") = "Mirror", "Mirror.csproj", "{10077977-2C31-9753-0F33-5FBC31C4F0EA}"
EndProject
Project("{FAE04EC0-301F-11D3-BF4B-00C04F79EFBC}") = "SimpleWebTransport", "SimpleWebTransport.csproj", "{F7685A84-53CD-2216-C0DB-3B0E73DECCFE}"
EndProject
Project("{FAE04EC0-301F-11D3-BF4B-00C04F79EFBC}") = "Mirror.Authenticators", "Mirror.Authenticators.csproj", "{6C805D90-CA43-CAB3-DD28-929223037BAA}"
EndProject
Project("{FAE04EC0-301F-11D3-BF4B-00C04F79EFBC}") = "Assembly-CSharp", "Assembly-CSharp.csproj", "{03249F84-3159-3F30-31AE-2E422F42F8B3}"
EndProject
Project("{FAE04EC0-301F-11D3-BF4B-00C04F79EFBC}") = "Mirror.Transports", "Mirror.Transports.csproj", "{EC2AEFAA-119A-5D88-6C71-EDA60653685E}"
EndProject
Project("{FAE04EC0-301F-11D3-BF4B-00C04F79EFBC}") = "EncryptionTransportEditor", "EncryptionTransportEditor.csproj", "{148C70D0-B750-098F-5565-666A5846430E}"
EndProject
Project("{FAE04EC0-301F-11D3-BF4B-00C04F79EFBC}") = "Telepathy", "Telepathy.csproj", "{B1ADF744-9C8D-A911-7EFE-7C0CFBFD2EC4}"
EndProject
Project("{FAE04EC0-301F-11D3-BF4B-00C04F79EFBC}") = "Assembly-CSharp-Editor", "Assembly-CSharp-Editor.csproj", "{AE07F8BF-01C0-9B42-4DE6-0E5EBF2E3E5E}"
EndProject
Project("{FAE04EC0-301F-11D3-BF4B-00C04F79EFBC}") = "Mirror.CompilerSymbols", "Mirror.CompilerSymbols.csproj", "{A62DDCBB-57A1-81C6-0D9F-43FC3095D828}"
EndProject
Global
	GlobalSection(SolutionConfigurationPlatforms) = preSolution
		Debug|Any CPU = Debug|Any CPU
		Release|Any CPU = Release|Any CPU
	EndGlobalSection
	GlobalSection(ProjectConfigurationPlatforms) = postSolution
		{22DCA7C0-6B04-A4E0-5D85-B7A9687527B6}.Debug|Any CPU.ActiveCfg = Debug|Any CPU
		{22DCA7C0-6B04-A4E0-5D85-B7A9687527B6}.Debug|Any CPU.Build.0 = Debug|Any CPU
		{22DCA7C0-6B04-A4E0-5D85-B7A9687527B6}.Release|Any CPU.ActiveCfg = Release|Any CPU
		{22DCA7C0-6B04-A4E0-5D85-B7A9687527B6}.Release|Any CPU.Build.0 = Release|Any CPU
		{A6801143-0071-36F1-88AA-45B386B9B80B}.Debug|Any CPU.ActiveCfg = Debug|Any CPU
		{A6801143-0071-36F1-88AA-45B386B9B80B}.Debug|Any CPU.Build.0 = Debug|Any CPU
		{A6801143-0071-36F1-88AA-45B386B9B80B}.Release|Any CPU.ActiveCfg = Release|Any CPU
		{A6801143-0071-36F1-88AA-45B386B9B80B}.Release|Any CPU.Build.0 = Release|Any CPU
		{0712AFA9-0A55-F5CF-12B9-F0269043818C}.Debug|Any CPU.ActiveCfg = Debug|Any CPU
		{0712AFA9-0A55-F5CF-12B9-F0269043818C}.Debug|Any CPU.Build.0 = Debug|Any CPU
		{0712AFA9-0A55-F5CF-12B9-F0269043818C}.Release|Any CPU.ActiveCfg = Release|Any CPU
		{0712AFA9-0A55-F5CF-12B9-F0269043818C}.Release|Any CPU.Build.0 = Release|Any CPU
		{7B523C1E-8183-1791-7768-C4589BCCD3E9}.Debug|Any CPU.ActiveCfg = Debug|Any CPU
		{7B523C1E-8183-1791-7768-C4589BCCD3E9}.Debug|Any CPU.Build.0 = Debug|Any CPU
		{7B523C1E-8183-1791-7768-C4589BCCD3E9}.Release|Any CPU.ActiveCfg = Release|Any CPU
		{7B523C1E-8183-1791-7768-C4589BCCD3E9}.Release|Any CPU.Build.0 = Release|Any CPU
		{F877D76D-1EB0-1354-A029-A467A4504134}.Debug|Any CPU.ActiveCfg = Debug|Any CPU
		{F877D76D-1EB0-1354-A029-A467A4504134}.Debug|Any CPU.Build.0 = Debug|Any CPU
		{F877D76D-1EB0-1354-A029-A467A4504134}.Release|Any CPU.ActiveCfg = Release|Any CPU
		{F877D76D-1EB0-1354-A029-A467A4504134}.Release|Any CPU.Build.0 = Release|Any CPU
		{10077977-2C31-9753-0F33-5FBC31C4F0EA}.Debug|Any CPU.ActiveCfg = Debug|Any CPU
		{10077977-2C31-9753-0F33-5FBC31C4F0EA}.Debug|Any CPU.Build.0 = Debug|Any CPU
		{10077977-2C31-9753-0F33-5FBC31C4F0EA}.Release|Any CPU.ActiveCfg = Release|Any CPU
		{10077977-2C31-9753-0F33-5FBC31C4F0EA}.Release|Any CPU.Build.0 = Release|Any CPU
		{F7685A84-53CD-2216-C0DB-3B0E73DECCFE}.Debug|Any CPU.ActiveCfg = Debug|Any CPU
		{F7685A84-53CD-2216-C0DB-3B0E73DECCFE}.Debug|Any CPU.Build.0 = Debug|Any CPU
		{F7685A84-53CD-2216-C0DB-3B0E73DECCFE}.Release|Any CPU.ActiveCfg = Release|Any CPU
		{F7685A84-53CD-2216-C0DB-3B0E73DECCFE}.Release|Any CPU.Build.0 = Release|Any CPU
		{6C805D90-CA43-CAB3-DD28-929223037BAA}.Debug|Any CPU.ActiveCfg = Debug|Any CPU
		{6C805D90-CA43-CAB3-DD28-929223037BAA}.Debug|Any CPU.Build.0 = Debug|Any CPU
		{6C805D90-CA43-CAB3-DD28-929223037BAA}.Release|Any CPU.ActiveCfg = Release|Any CPU
		{6C805D90-CA43-CAB3-DD28-929223037BAA}.Release|Any CPU.Build.0 = Release|Any CPU
		{03249F84-3159-3F30-31AE-2E422F42F8B3}.Debug|Any CPU.ActiveCfg = Debug|Any CPU
		{03249F84-3159-3F30-31AE-2E422F42F8B3}.Debug|Any CPU.Build.0 = Debug|Any CPU
		{03249F84-3159-3F30-31AE-2E422F42F8B3}.Release|Any CPU.ActiveCfg = Release|Any CPU
		{03249F84-3159-3F30-31AE-2E422F42F8B3}.Release|Any CPU.Build.0 = Release|Any CPU
		{EC2AEFAA-119A-5D88-6C71-EDA60653685E}.Debug|Any CPU.ActiveCfg = Debug|Any CPU
		{EC2AEFAA-119A-5D88-6C71-EDA60653685E}.Debug|Any CPU.Build.0 = Debug|Any CPU
		{EC2AEFAA-119A-5D88-6C71-EDA60653685E}.Release|Any CPU.ActiveCfg = Release|Any CPU
		{EC2AEFAA-119A-5D88-6C71-EDA60653685E}.Release|Any CPU.Build.0 = Release|Any CPU
		{148C70D0-B750-098F-5565-666A5846430E}.Debug|Any CPU.ActiveCfg = Debug|Any CPU
		{148C70D0-B750-098F-5565-666A5846430E}.Debug|Any CPU.Build.0 = Debug|Any CPU
		{148C70D0-B750-098F-5565-666A5846430E}.Release|Any CPU.ActiveCfg = Release|Any CPU
		{148C70D0-B750-098F-5565-666A5846430E}.Release|Any CPU.Build.0 = Release|Any CPU
		{B1ADF744-9C8D-A911-7EFE-7C0CFBFD2EC4}.Debug|Any CPU.ActiveCfg = Debug|Any CPU
		{B1ADF744-9C8D-A911-7EFE-7C0CFBFD2EC4}.Debug|Any CPU.Build.0 = Debug|Any CPU
		{B1ADF744-9C8D-A911-7EFE-7C0CFBFD2EC4}.Release|Any CPU.ActiveCfg = Release|Any CPU
		{B1ADF744-9C8D-A911-7EFE-7C0CFBFD2EC4}.Release|Any CPU.Build.0 = Release|Any CPU
		{AE07F8BF-01C0-9B42-4DE6-0E5EBF2E3E5E}.Debug|Any CPU.ActiveCfg = Debug|Any CPU
		{AE07F8BF-01C0-9B42-4DE6-0E5EBF2E3E5E}.Debug|Any CPU.Build.0 = Debug|Any CPU
		{AE07F8BF-01C0-9B42-4DE6-0E5EBF2E3E5E}.Release|Any CPU.ActiveCfg = Release|Any CPU
		{AE07F8BF-01C0-9B42-4DE6-0E5EBF2E3E5E}.Release|Any CPU.Build.0 = Release|Any CPU
		{A62DDCBB-57A1-81C6-0D9F-43FC3095D828}.Debug|Any CPU.ActiveCfg = Debug|Any CPU
		{A62DDCBB-57A1-81C6-0D9F-43FC3095D828}.Debug|Any CPU.Build.0 = Debug|Any CPU
		{A62DDCBB-57A1-81C6-0D9F-43FC3095D828}.Release|Any CPU.ActiveCfg = Release|Any CPU
		{A62DDCBB-57A1-81C6-0D9F-43FC3095D828}.Release|Any CPU.Build.0 = Release|Any CPU
	EndGlobalSection
	GlobalSection(SolutionProperties) = preSolution
		HideSolutionNode = FALSE
	EndGlobalSection
EndGlobal
